filippo.io/edwards25519 v1.2.0 h1:crnVqOiS4jqYleHd9vaKZ+HKtHfllngJIiOpNpoJsjo=
filippo.io/edwards25519 v1.2.0/go.mod h1:xzAOLCNug/yB62zG1bQ8uziwrIqIuxhctzJT18Q77mc=
github.com/DATA-DOG/go-sqlmock v1.5.2 h1:OcvFkGmslmlZibjAjaHm3L//6LiuBgolP7OputlJIzU=
github.com/DATA-DOG/go-sqlmock v1.5.2/go.mod h1:88MAG/4G7SMwSE3CeA0ZKzrT5CiOU3OJ+JlNzwDqpNU=
github.com/coder/websocket v1.8.15 h1:6B2JPeOGlpff2Uz6vOEH1Vzpi0iUz20A+lPVhPHtNUA=
github.com/coder/websocket v1.8.15/go.mod h1:NX3SzP+inril6yawo5CQXx8+fk145lPDC6pumgx0mVg=
github.com/dustin/go-humanize v1.0.1 h1:GzkhY7T5VNhEkwH0PVJgjz+fX1rhBrR7pRT3mDkpeCY=
github.com/dustin/go-humanize v1.0.1/go.mod h1:Mu1zIs6XwVuF/gI1OepvI0qD18qycQx+mFykh5fBlto=
github.com/google/go-cmp v0.7.0 h1:wk8382ETsv4JYUZwIsn6YpYiWiBsYLSJiTsyBybVuN8=
github.com/google/go-cmp v0.7.0/go.mod h1:pXiqmnSA92OHEEa9HXL2W4E7lf9JzCmGVUdgjX3N/iU=
github.com/google/pprof v0.0.0-20260802141513-ef3492d7dac3 h1:LMLX+LgTNWpfvCBdFebv6EsYotImrt/Ppc5cXIriCSo=
github.com/google/pprof v0.0.0-20260802141513-ef3492d7dac3/go.mod h1:jl5iWTm0/hd5PjEYEOuwAJ57L/CibdZfrqZ5XA5GrCk=
github.com/google/uuid v1.6.0 h1:NIvaJDMOsjHA8n1jAhLSgzrAzy1Hgr+hNrb57e+94F0=
github.com/google/uuid v1.6.0/go.mod h1:TIyPZe4MgqvfeYDBFedMoGGpEw/LqOeaOT+nhxU+yHo=
github.com/hajimehoshi/go-mp3 v0.3.4 h1:NUP7pBYH8OguP4diaTZ9wJbUbk3tC0KlfzsEpWmYj68=
github.com/hajimehoshi/go-mp3 v0.3.4/go.mod h1:fRtZraRFcWb0pu7ok0LqyFhCUrPeMsGRSVop0eemFmo=
github.com/hajimehoshi/oto/v2 v2.3.1/go.mod h1:seWLbgHH7AyUMYKfKYT9pg7PhUu9/SisyJvNTT+ASQo=
github.com/hashicorp/golang-lru/v2 v2.0.7 h1:a+bsQ5rvGLjzHuww6tVxozPZFVghXaHOwFs4luLUK2k=
github.com/hashicorp/golang-lru/v2 v2.0.7/go.mod h1:QeFd9opnmA6QUJc5vARoKUSoFhyfM2/ZepoAG6RGpeM=
github.com/mattn/go-colorable v0.1.14 h1:9A9LHSqF/7dyVVX6g0U9cwm9pG3kP9gSzcuIPHPsaIE=
github.com/mattn/go-colorable v0.1.14/go.mod h1:6LmQG8QLFO4G5z1gPvYEzlUgJ2wF+stgPZH1UqBm1s8=
github.com/mattn/go-isatty v0.0.24 h1:tGZZoVgT/KiqK1c8ocVLeDS8BSWMRd47J3Lbz7vsReI=
github.com/mattn/go-isatty v0.0.24/go.mod h1:nMCL3Zebbrt45jsMDgnfIwz6ydEQApk5oEI3HqDio6A=
github.com/mattn/go-sqlite3 v1.14.48 h1:7XHIgl0a8HwOaiK4E47ozLkST78rR9+OtNGx27D/TFs=
github.com/mattn/go-sqlite3 v1.14.48/go.mod h1:6JTjA44L93a0QCyJef5YvlPoKXntQPjzWv5gtm9sB6w=
github.com/mdp/qrterminal/v3 v3.2.1 h1:6+yQjiiOsSuXT5n9/m60E54vdgFsw0zhADHhHLrFet4=
github.com/mdp/qrterminal/v3 v3.2.1/go.mod h1:jOTmXvnBsMy5xqLniO0R++Jmjs2sTm9dFSuQ5kpz/SU=
github.com/ncruces/go-strftime v1.0.0 h1:HMFp8mLCTPp341M/ZnA4qaf7ZlsbTc+miZjCLOFAw7w=
github.com/ncruces/go-strftime v1.0.0/go.mod h1:Fwc5htZGVVkseilnfgOVb9mKy6w1naJmn9CehxcKcls=
github.com/petermattis/goid v0.0.0-20260713124913-97594f28f5ca h1:GHSUVE4yOgX4E7kTRzpxCPbCOYkd3Kj8Dgdod30OI1E=
github.com/petermattis/goid v0.0.0-20260713124913-97594f28f5ca/go.mod h1:pxMtw7cyUw6B2bRH0ZBANSPg+AoSud1I1iyJHI69jH4=
github.com/pion/datachannel v1.6.3 h1:HZAYLpunVI0xi057ZiANl558d0uSpomcWw4UEPz3qXs=
github.com/pion/datachannel v1.6.3/go.mod h1:oRmkXVVXxkUbqa8MatgdNHW29kvtQY3HUdjJQsfv2GE=
github.com/pion/dtls/v3 v3.1.9 h1:rpeycmLIkc4krpk1IxP7+39o11QdCXbmV9+FGi9yZJ8=
github.com/pion/dtls/v3 v3.1.9/go.mod h1:iKFQNYrjsN2TiA2YKKMqB9MOZaFpjFULBI/A4sW0eyc=
github.com/pion/ice/v4 v4.4.4 h1:nPhqLkf8NoE9O8NBKd3Xo2NNc2PlBMdM07tWZ+IH/i8=
github.com/pion/ice/v4 v4.4.4/go.mod h1:vkrbLwF98P/DJuCKoAmOQY4FJ7dJPI5VcBFOO3kyYx0=
github.com/pion/interceptor v0.1.49 h1:iyBsNHRoLNNXZiJA/DdGvJgdyfS8YWDCzxIAlVjt5nY=
github.com/pion/interceptor v0.1.49/go.mod h1:MZ6PJkja/TCo350HAnBrs/rUIyad9mWjpcvytrf3ViQ=
github.com/pion/logging v0.2.4 h1:tTew+7cmQ+Mc1pTBLKH2puKsOvhm32dROumOZ655zB8=
github.com/pion/logging v0.2.4/go.mod h1:DffhXTKYdNZU+KtJ5pyQDjvOAh/GsNSyv1lbkFbe3so=
github.com/pion/mdns/v2 v2.2.1 h1:lQPWv6Mo5jG1sKwqkYgfeXGX7/seban4x7/j0n485/M=
github.com/pion/mdns/v2 v2.2.1/go.mod h1:ZX5f0AAH1D6TOjdjvcBORZZHaZuG0t9+br78lHEwiJ4=
github.com/pion/opus v0.1.0 h1:GgK/a3DNDrffKjUFsK39rZKqfv7bQ2S2eqRKt0BnqAE=
github.com/pion/opus v0.1.0/go.mod h1:t5Xog2n682JnawoykACE6nKVmupFvmJvkpM7x6bTv6g=
github.com/pion/randutil v0.1.0 h1:CFG1UdESneORglEsnimhUjf33Rwjubwj6xfiOXBa3mA=
github.com/pion/randutil v0.1.0/go.mod h1:XcJrSMMbbMRhASFVOlj/5hQial/Y8oH/HVo7TBZq+j8=
github.com/pion/rtcp v1.2.18 h1:ZPgMZMCtBoReTixtFAyzcOkuJiebyB94qxtBAyvSooM=
github.com/pion/rtcp v1.2.18/go.mod h1:vX7Es6skWYm4oVvOSC5+4WHLYUTZHcbGNmk5wjzMGH4=
github.com/pion/rtp v1.10.5 h1:ip0HhO/wYZqQ4bKS+R99KnZh/GRCmIT0jDXikub7vlE=
github.com/pion/rtp v1.10.5/go.mod h1:Au8fc6cEByy8RLTwKTQTEeQqDB/SJDxwL4mZuxYA5Pk=
github.com/pion/sctp v1.11.3 h1:cFo/voNuKzdxEno6z96PWq/96xkAJeMB/eqB7GNfmlQ=
github.com/pion/sctp v1.11.3/go.mod h1:7v/MXGBROc8fu9g2TVwCXRasPISCMd3j8wSH+o45uCI=
github.com/pion/sdp/v3 v3.0.20 h1:TS6DViqcmp+49f0+mjw9anbr9xY3vJtsZewxAvlMCRQ=
github.com/pion/sdp/v3 v3.0.20/go.mod h1:slIMXDK5OKj0nhISwjfeN18AzTBCt2LYZq9uPw0cU5Q=
github.com/pion/srtp/v3 v3.1.0 h1:keugrBOxtvAv5Urf4lBMfso8OCAX3mm7Brdl26JSvik=
github.com/pion/srtp/v3 v3.1.0/go.mod h1:RlTlj08MtRReQiVm/PMmMFUDNjZkoKuKJMHkl9+M7a8=
github.com/pion/stun/v4 v4.0.1 h1:S2ggK4hsUJJKoZfpL90uIqIRTj6xJ0NOIEkXgcpQif0=
github.com/pion/stun/v4 v4.0.1/go.mod h1:byktbPA8U7HjJ2H8w3moP7nzq0Q+kYNulvMLPaubQL4=
github.com/pion/transport/v5 v5.1.1 h1:Sauq8YJqRopgRfIgnpfKpdpKG14g0N4jWlRgpWsEfN8=
github.com/pion/transport/v5 v5.1.1/go.mod h1:Qxw6fCEjFWQkRDZOhS4Vf+neJBcihauvA3uyEa1J1F0=
github.com/pion/turn/v5 v5.1.2 h1:acEOO+D5txJ52vKfcilmSMItfP23Q9K6pJ1LM5P2VV0=
github.com/pion/turn/v5 v5.1.2/go.mod h1:57Oadc8fHnac15VFyCd6nEaBTVZBxQe2POUMD4lsHRA=
github.com/pion/webrtc/v4 v4.2.22 h1:eoRTHzLKW5tI9o5iahw3s4KL4IHPESsfIF06zWi3JAo=
github.com/pion/webrtc/v4 v4.2.22/go.mod h1:JBu1ba8lUEX4jbYFKofglMQJG7f0rJk7UepKjI3GaLE=
github.com/polymorfa/hypermeow v0.0.0 h1:KM0JVoiX3O5lg4bF2YYWF4MG8IGy1WlLw6gt3sLPYJc=
github.com/polymorfa/hypermeow v0.0.0/go.mod h1:PiCnzHA8H+kDlvW7XLoigDWRGRmjfZweN5WH2qiFx+s=
github.com/polymorfa/libsignal-protocol-go v0.2.3-0.20260806162910-a2adef2e8a11 h1:ZeZ6sUkmZY+v6ULce+O7cuuzUmvu9d3t5sY2CTrJ2AQ=
github.com/polymorfa/libsignal-protocol-go v0.2.3-0.20260806162910-a2adef2e8a11/go.mod h1:B5KZPsgswdf1eCvC+PZ7z45g5OECgqy6Zb0o7I5CcNQ=
github.com/purpshell/meowcaller v0.0.0-20260906234207-c48c3e2a243c h1:WTKYJ34EcGTL5hsZWMMfPlDFgNEmiw+GjkgZL3YYbHg=
github.com/purpshell/meowcaller v0.0.0-20260906234207-c48c3e2a243c/go.mod h1:f6pCb0y+awhe7ZsbB+3uisWL0RVSqGn08VpXT4a8ZI4=
github.com/remyoudompheng/bigfft v0.0.0-20230129092748-24d4a6f8daec h1:W09IVJc94icq4NjY3clb7Lk8O1qJ8BdBEF8z0ibU0rE=
github.com/remyoudompheng/bigfft v0.0.0-20230129092748-24d4a6f8daec/go.mod h1:qqbHyh8v60DhA7CoWK5oRCqLrMHRGoxYCSS9EjAz6Eo=
github.com/rs/zerolog v1.35.1 h1:m7xQeoiLIiV0BCEY4Hs+j2NG4Gp2o2KPKmhnnLiazKI=
github.com/rs/zerolog v1.35.1/go.mod h1:EjML9kdfa/RMA7h/6z6pYmq1ykOuA8/mjWaEvGI+jcw=
github.com/stretchr/testify v1.12.1 h1:EuwCh5fleGS7H32xRwO3wRGT7DxrDhLAT6FF8MpWDWE=
github.com/stretchr/testify v1.12.1/go.mod h1:MDEgiDPPsNp5cuIrHPPCyornHKgEVbtFUmoNlxoYthg=
github.com/wlynxg/anet v0.0.5 h1:J3VJGi1gvo0JwZ/P1/Yc/8p63SoW98B5dHkYDmpgvvU=
github.com/wlynxg/anet v0.0.5/go.mod h1:eay5PRQr7fIVAMbTbchTnO9gG65Hg/uYGdc7mguHxoA=
go.mau.fi/util v0.9.12-0.20260717235539-f9ffa7eca58d h1:bUGRidYrauEwLoBvGLLPPQ0lgQUecT0z/ND+vHz07jM=
go.mau.fi/util v0.9.12-0.20260717235539-f9ffa7eca58d/go.mod h1:xunp/oIQfFD68HHcNHfG0pOiHkvEtDhTweeIwKJ//+Q=
go.yaml.in/yaml/v3 v3.0.5 h1:N6y/pJk8buWs9NY5ERU2HSMfm+IuD/OtfdAnq6kESPw=
go.yaml.in/yaml/v3 v3.0.5/go.mod h1:HVTZu1O7/Vkt2N+BFy8Zza+lnLsABggaTM2ZpNIGuKg=
golang.org/x/crypto v0.54.0 h1:YLIA59K4fiNzHzjnZt2tUJQjQtUWfWbeHBqKtk3eScw=
golang.org/x/crypto v0.54.0/go.mod h1:KWL8ny2AZdGR2cWmzeHrp2azQPGogOv+HeQaVEXC2dk=
golang.org/x/exp v0.0.0-20260709172345-9ea1abe57597 h1:qLvzZeaANDgyVOA8pyHCOStGlXn0rseXma+GQjeuv2g=
golang.org/x/exp v0.0.0-20260709172345-9ea1abe57597/go.mod h1:EdfpwwqSu+0Li0mzskwHU6FWDV3t9Q+RZDo3QMUtL3Q=
golang.org/x/mod v0.38.0 h1:MECBjubtXD7yj4HrhIUcywNaGeNVUdfVnxmPajOk4yk=
golang.org/x/mod v0.38.0/go.mod h1:V6Xz0pq8TQ3dGqVQ1FVHuelZpAL0uNhSkk9ogYP3c40=
golang.org/x/net v0.57.0 h1:K5+3DljvIuDG9/Jv9rvyMywYNFCQ9RSUY6OOTTkT+tE=
golang.org/x/net v0.57.0/go.mod h1:KpXc8iv+r3XplLAG/f7Jsf9RPszJzdR0f58q9vGOuEU=
golang.org/x/sync v0.22.0 h1:SZjpbeLmrCk4xhRSZFNZW5gFUeCeFgjekvI/+gfScek=
golang.org/x/sync v0.22.0/go.mod h1:9xrNwdLfx4jkKbNva9FpL6vEN7evnE43NNNJQ2LF3+0=
golang.org/x/sys v0.0.0-20220712014510-0a85c31ab51e/go.mod h1:oPkhp1MJrh7nUepCBck5+mAzfO9JrbApNNgaTdGDITg=
golang.org/x/sys v0.47.0 h1:o7XGOvZQCADBQQ4Y7VNq2dRWQR7JmOUW8Kxx4ZsNgWs=
golang.org/x/sys v0.47.0/go.mod h1:4GL1E5IUh+htKOUEOaiffhrAeqysfVGipDYzABqnCmw=
golang.org/x/term v0.45.0 h1:NwWyBmoJCbfTHpxrWoZ9C6/VxOf7ic219I8xZZFdrf0=
golang.org/x/term v0.45.0/go.mod h1:9aqxs0blBcrm/n0L9QW0aRVD+ktan8ssZromtqJC43w=
golang.org/x/text v0.40.0 h1:Ub2Z6/xjgF1WrYQz2nuITOEegKFtiIy+rieRJ5lHZKs=
golang.org/x/text v0.40.0/go.mod h1:hpnzDAfGV753zIKo+wk3u1bVKCGPbrnF7+7LBF/UHVY=
golang.org/x/time v0.14.0 h1:MRx4UaLrDotUKUdCIqzPC48t1Y9hANFKIRpNx+Te8PI=
golang.org/x/time v0.14.0/go.mod h1:eL/Oa2bBBK0TkX57Fyni+NgnyQQN4LitPmob2Hjnqw4=
golang.org/x/tools v0.48.0 h1:3+hClM1aLL5mjMKm5ovokw9epgRXPuu2tILgismM6RE=
golang.org/x/tools v0.48.0/go.mod h1:08xX0orndb/F7jJxGDicx061tyd5pcMto75YMAXr6lk=
google.golang.org/protobuf v1.36.12 h1:pJOKDDOyeXErUroCihFAd5LQuwXBSpVnKGrj5o/fwxc=
google.golang.org/protobuf v1.36.12/go.mod h1:HTf+CrKn2C3g5S8VImy6tdcUvCska2kB7j23XfzDpco=
modernc.org/cc/v4 v4.29.2 h1:h6+9ciCnPKutf4I03CvheAvDLX7+IHlqR6Iy6J+cgd8=
modernc.org/cc/v4 v4.29.2/go.mod h1:OnovgIhbbMXMu1aISnJ0wvVD1KnW+cAUJkIrAWh+kVI=
modernc.org/ccgo/v4 v4.35.0 h1:F+TUsmw09QxLzmi3aeYYGxjAXarmZaKgj3mKQHNaA8w=
modernc.org/ccgo/v4 v4.35.0/go.mod h1:qrVGs9S3Sr2Ztcg9ve+kTAYMp5a3YvWjo+SoN06kJ5I=
modernc.org/fileutil v1.4.0 h1:j6ZzNTftVS054gi281TyLjHPp6CPHr2KCxEXjEbD6SM=
modernc.org/fileutil v1.4.0/go.mod h1:EqdKFDxiByqxLk8ozOxObDSfcVOv/54xDs/DUHdvCUU=
modernc.org/gc/v2 v2.6.5 h1:nyqdV8q46KvTpZlsw66kWqwXRHdjIlJOhG6kxiV/9xI=
modernc.org/gc/v2 v2.6.5/go.mod h1:YgIahr1ypgfe7chRuJi2gD7DBQiKSLMPgBQe9oIiito=
modernc.org/gc/v3 v3.1.5 h1:21ldfPfRYE31Tb7B3mwAK8gy1AxP4+dKjrOQPfqakoc=
modernc.org/gc/v3 v3.1.5/go.mod h1:HFK/6AGESC7Ex+EZJhJ2Gni6cTaYpSMmU/cT9RmlfYY=
modernc.org/goabi0 v0.2.0 h1:HvEowk7LxcPd0eq6mVOAEMai46V+i7Jrj13t4AzuNks=
modernc.org/goabi0 v0.2.0/go.mod h1:CEFRnnJhKvWT1c1JTI3Avm+tgOWbkOu5oPA8eH8LnMI=
modernc.org/libc v1.75.7 h1:o3DTP9/0p9pKmY2WCKQaySW6wIiZhNM7wc2lUoyhfew=
modernc.org/libc v1.75.7/go.mod h1:bO5o2ztHxBb2rjz0PgdHN0sSMw57CgxGFLZ3Qd/QpVQ=
modernc.org/mathutil v1.7.1 h1:GCZVGXdaN8gTqB1Mf/usp1Y/hSqgI2vAGGP4jZMCxOU=
modernc.org/mathutil v1.7.1/go.mod h1:4p5IwJITfppl0G4sUEDtCr4DthTaT47/N3aT6MhfgJg=
modernc.org/memory v1.12.1 h1:nFMiWrpStgZczNl6XI9GnIk/rWhYIyHGUaR04pGbp9g=
modernc.org/memory v1.12.1/go.mod h1:/JP4VbVC+K5sU2wZi9bHoq2MAkCnrt2r98UGeSK7Mjw=
modernc.org/opt v0.2.0 h1:tGyef5ApycA7FSEOMraay9SaTk5zmbx7Tu+cJs4QKZg=
modernc.org/opt v0.2.0/go.mod h1:03fq9lsNfvkYSfxrfUhZCWPk1lm4cq4N+Bh//bEtgns=
modernc.org/sortutil v1.2.1 h1:+xyoGf15mM3NMlPDnFqrteY07klSFxLElE2PVuWIJ7w=
modernc.org/sortutil v1.2.1/go.mod h1:7ZI3a3REbai7gzCLcotuw9AC4VZVpYMjDzETGsSMqJE=
modernc.org/sqlite v1.59.0 h1:X1es1GpqBlS/5T+vbM4HLUdaa8OtQx468DF2vrx+38A=
modernc.org/sqlite v1.59.0/go.mod h1:+paeT2A3iPRHkQDwG7oA6Tk0zQd5woMEI8q7orfry8k=
modernc.org/strutil v1.2.1 h1:UneZBkQA+DX2Rp35KcM69cSsNES9ly8mQWD71HKlOA0=
modernc.org/strutil v1.2.1/go.mod h1:EHkiggD70koQxjVdSBM3JKM7k6L0FbGE5eymy9i3B9A=
modernc.org/token v1.1.0 h1:Xl7Ap9dKaEs5kLoOQeQmPWevfnk/DM5qcLcYlA8ys6Y=
modernc.org/token v1.1.0/go.mod h1:UGzOrNV1mAFSEB63lOFHIpNRUVMvYTc6yu1SMY/XTDM=
rsc.io/qr v0.2.0 h1:6vBLea5/NRMVTz8V66gipeLycZMl/+UlFmk8DvqQ6WY=
rsc.io/qr v0.2.0/go.mod h1:IF+uZjkb9fqyeF/4tlBoynqmQxUoPfWEKh921coOuXs=
